# This file is automatically @generated by Cargo.
# It is not intended for manual editing.
[[package]]
name = "bitvec"
version = "0.10.0"
source = "registry+https://github.com/rust-lang/crates.io-index"

[[package]]
name = "lzw_arc"
version = "0.1.0"
dependencies = [
 "bitvec 0.10.0 (registry+https://github.com/rust-lang/crates.io-index)",
]

[metadata]
"checksum bitvec 0.10.0 (registry+https://github.com/rust-lang/crates.io-index)" = "81be2dda00e233388a4605ceb6ce977503cf16e2859d8ef8899e6780b988f4b1"
